
Microsoft Visual Studio Solution File, Format Version 12.00
# Visual Studio Version 16
VisualStudioVersion = 16.0.30128.74
MinimumVisualStudioVersion = 10.0.40219.1
Project("{9A19103F-16F7-4668-BE54-9A1E7A4F7556}") = "PolizaUI", "PolizaUI.csproj", "{C20C570F-CEE0-4849-94AF-7272F9ED1859}"
EndProject
Global
	GlobalSection(SolutionConfigurationPlatforms) = preSolution
		Debug|Any CPU = Debug|Any CPU
		Release|Any CPU = Release|Any CPU
	EndGlobalSection
	GlobalSection(ProjectConfigurationPlatforms) = postSolution
		{C20C570F-CEE0-4849-94AF-7272F9ED1859}.Debug|Any CPU.ActiveCfg = Debug|Any CPU
		{C20C570F-CEE0-4849-94AF-7272F9ED1859}.Debug|Any CPU.Build.0 = Debug|Any CPU
		{C20C570F-CEE0-4849-94AF-7272F9ED1859}.Release|Any CPU.ActiveCfg = Release|Any CPU
		{C20C570F-CEE0-4849-94AF-7272F9ED1859}.Release|Any CPU.Build.0 = Release|Any CPU
	EndGlobalSection
	GlobalSection(SolutionProperties) = preSolution
		HideSolutionNode = FALSE
	EndGlobalSection
	GlobalSection(ExtensibilityGlobals) = postSolution
		SolutionGuid = {ACA3022F-BF6D-417B-A5B2-A17E74462A77}
	EndGlobalSection
EndGlobal
